
Microsoft Visual Studio Solution File, Format Version 12.00
# Visual Studio Version 17
VisualStudioVersion = 17.7.34018.315
MinimumVisualStudioVersion = 10.0.40219.1
Project("{9A19103F-16F7-4668-BE54-9A1E7A4F7556}") = "APIAlamoNOA", "APIAlamoNOA\APIAlamoNOA.csproj", "{7C7CC98C-0766-4527-B0C3-45EBF24594BC}"
EndProject
Global
	GlobalSection(SolutionConfigurationPlatforms) = preSolution
		Debug|Any CPU = Debug|Any CPU
		Release|Any CPU = Release|Any CPU
	EndGlobalSection
	GlobalSection(ProjectConfigurationPlatforms) = postSolution
		{7C7CC98C-0766-4527-B0C3-45EBF24594BC}.Debug|Any CPU.ActiveCfg = Debug|Any CPU
		{7C7CC98C-0766-4527-B0C3-45EBF24594BC}.Debug|Any CPU.Build.0 = Debug|Any CPU
		{7C7CC98C-0766-4527-B0C3-45EBF24594BC}.Release|Any CPU.ActiveCfg = Release|Any CPU
		{7C7CC98C-0766-4527-B0C3-45EBF24594BC}.Release|Any CPU.Build.0 = Release|Any CPU
	EndGlobalSection
	GlobalSection(SolutionProperties) = preSolution
		HideSolutionNode = FALSE
	EndGlobalSection
	GlobalSection(ExtensibilityGlobals) = postSolution
		SolutionGuid = {A2CB027D-E55C-49B8-B0BE-23E28EB1B4CD}
	EndGlobalSection
EndGlobal
